Microsoft Visual Studio Solution File, Format Version 12.00
# Visual Studio Version 17
VisualStudioVersion = 17.5.2.0
MinimumVisualStudioVersion = 10.0.40219.1
Project("{FAE04EC0-301F-11D3-BF4B-00C04F79EFBC}") = "server-csharp", "server\server-csharp.csproj", "{579926A2-882B-BFB5-856B-3F5FA77C05EF}"
EndProject
Global
	GlobalSection(SolutionConfigurationPlatforms) = preSolution
		Debug|Any CPU = Debug|Any CPU
		Release|Any CPU = Release|Any CPU
	EndGlobalSection
	GlobalSection(ProjectConfigurationPlatforms) = postSolution
		{579926A2-882B-BFB5-856B-3F5FA77C05EF}.Debug|Any CPU.ActiveCfg = Debug|Any CPU
		{579926A2-882B-BFB5-856B-3F5FA77C05EF}.Debug|Any CPU.Build.0 = Debug|Any CPU
		{579926A2-882B-BFB5-856B-3F5FA77C05EF}.Release|Any CPU.ActiveCfg = Release|Any CPU
		{579926A2-882B-BFB5-856B-3F5FA77C05EF}.Release|Any CPU.Build.0 = Release|Any CPU
	EndGlobalSection
	GlobalSection(SolutionProperties) = preSolution
		HideSolutionNode = FALSE
	EndGlobalSection
	GlobalSection(ExtensibilityGlobals) = postSolution
		SolutionGuid = {3A8E5167-2244-443B-BDF2-362AFE7FF29A}
	EndGlobalSection
EndGlobal
